
Microsoft Visual Studio Solution File, Format Version 12.00
# Visual Studio Version 16
VisualStudioVersion = 16.0.31729.503
MinimumVisualStudioVersion = 10.0.40219.1
Project("{FAE04EC0-301F-11D3-BF4B-00C04F79EFBC}") = "MobileLibrary.Android", "MobileLibrary.Android\MobileLibrary.Android.csproj", "{9908AC20-46C6-43D2-ABB1-5E994DED22A7}"
EndProject
Project("{FAE04EC0-301F-11D3-BF4B-00C04F79EFBC}") = "MobileLibrary", "MobileLibrary\MobileLibrary.csproj", "{6D8C65E3-11E3-4C36-9EDB-2FD764B34053}"
EndProject
Global
	GlobalSection(SolutionConfigurationPlatforms) = preSolution
		Debug|Any CPU = Debug|Any CPU
		Release|Any CPU = Release|Any CPU
	EndGlobalSection
	GlobalSection(ProjectConfigurationPlatforms) = postSolution
		{9908AC20-46C6-43D2-ABB1-5E994DED22A7}.Debug|Any CPU.ActiveCfg = Debug|Any CPU
		{9908AC20-46C6-43D2-ABB1-5E994DED22A7}.Debug|Any CPU.Build.0 = Debug|Any CPU
		{9908AC20-46C6-43D2-ABB1-5E994DED22A7}.Debug|Any CPU.Deploy.0 = Debug|Any CPU
		{9908AC20-46C6-43D2-ABB1-5E994DED22A7}.Release|Any CPU.ActiveCfg = Release|Any CPU
		{9908AC20-46C6-43D2-ABB1-5E994DED22A7}.Release|Any CPU.Build.0 = Release|Any CPU
		{9908AC20-46C6-43D2-ABB1-5E994DED22A7}.Release|Any CPU.Deploy.0 = Release|Any CPU
		{6D8C65E3-11E3-4C36-9EDB-2FD764B34053}.Debug|Any CPU.ActiveCfg = Debug|Any CPU
		{6D8C65E3-11E3-4C36-9EDB-2FD764B34053}.Debug|Any CPU.Build.0 = Debug|Any CPU
		{6D8C65E3-11E3-4C36-9EDB-2FD764B34053}.Debug|Any CPU.Deploy.0 = Debug|Any CPU
		{6D8C65E3-11E3-4C36-9EDB-2FD764B34053}.Release|Any CPU.ActiveCfg = Release|Any CPU
		{6D8C65E3-11E3-4C36-9EDB-2FD764B34053}.Release|Any CPU.Build.0 = Release|Any CPU
		{6D8C65E3-11E3-4C36-9EDB-2FD764B34053}.Release|Any CPU.Deploy.0 = Release|Any CPU
	EndGlobalSection
	GlobalSection(SolutionProperties) = preSolution
		HideSolutionNode = FALSE
	EndGlobalSection
	GlobalSection(ExtensibilityGlobals) = postSolution
		SolutionGuid = {C8079B90-E421-4C72-A059-4023B12066A7}
	EndGlobalSection
EndGlobal
