
Microsoft Visual Studio Solution File, Format Version 12.00
# Visual Studio Version 16
VisualStudioVersion = 16.0.31729.503
MinimumVisualStudioVersion = 10.0.40219.1
Project("{FAE04EC0-301F-11D3-BF4B-00C04F79EFBC}") = "LibraryWebService", "LibraryWebService.csproj", "{61301DEE-C879-46C0-8DE7-EA8F3138D7BE}"
EndProject
Global
	GlobalSection(SolutionConfigurationPlatforms) = preSolution
		Debug|Any CPU = Debug|Any CPU
		Release|Any CPU = Release|Any CPU
	EndGlobalSection
	GlobalSection(ProjectConfigurationPlatforms) = postSolution
		{61301DEE-C879-46C0-8DE7-EA8F3138D7BE}.Debug|Any CPU.ActiveCfg = Debug|Any CPU
		{61301DEE-C879-46C0-8DE7-EA8F3138D7BE}.Debug|Any CPU.Build.0 = Debug|Any CPU
		{61301DEE-C879-46C0-8DE7-EA8F3138D7BE}.Release|Any CPU.ActiveCfg = Release|Any CPU
		{61301DEE-C879-46C0-8DE7-EA8F3138D7BE}.Release|Any CPU.Build.0 = Release|Any CPU
	EndGlobalSection
	GlobalSection(SolutionProperties) = preSolution
		HideSolutionNode = FALSE
	EndGlobalSection
	GlobalSection(ExtensibilityGlobals) = postSolution
		SolutionGuid = {D9D6C919-D6B4-4296-9CB2-743E56D93776}
	EndGlobalSection
EndGlobal
